
Microsoft Visual Studio Solution File, Format Version 12.00
# Visual Studio Version 16
VisualStudioVersion = 25.0.1705.6
MinimumVisualStudioVersion = 10.0.40219.1
Project("{FAE04EC0-301F-11D3-BF4B-00C04F79EFBC}") = "MagicVilla_API", "MagicVilla_API\MagicVilla_API.csproj", "{2461A6D8-783B-4279-92F5-485E74B7810E}"
EndProject
Global
	GlobalSection(SolutionConfigurationPlatforms) = preSolution
		Debug|Any CPU = Debug|Any CPU
		Release|Any CPU = Release|Any CPU
	EndGlobalSection
	GlobalSection(ProjectConfigurationPlatforms) = postSolution
		{2461A6D8-783B-4279-92F5-485E74B7810E}.Debug|Any CPU.ActiveCfg = Debug|Any CPU
		{2461A6D8-783B-4279-92F5-485E74B7810E}.Debug|Any CPU.Build.0 = Debug|Any CPU
		{2461A6D8-783B-4279-92F5-485E74B7810E}.Release|Any CPU.ActiveCfg = Release|Any CPU
		{2461A6D8-783B-4279-92F5-485E74B7810E}.Release|Any CPU.Build.0 = Release|Any CPU
	EndGlobalSection
	GlobalSection(SolutionProperties) = preSolution
		HideSolutionNode = FALSE
	EndGlobalSection
	GlobalSection(ExtensibilityGlobals) = postSolution
		SolutionGuid = {ED040ADD-5430-4A67-AB17-E739E660552C}
	EndGlobalSection
EndGlobal
